
Microsoft Visual Studio Solution File, Format Version 12.00
Project("{FAE04EC0-301F-11D3-BF4B-00C04F79EFBC}") = "R8.DateTimeLocalization", "R8.DateTimeLocalization\R8.DateTimeLocalization.csproj", "{01AB68AF-C169-4619-BBAB-2108F9A7998F}"
EndProject
Project("{FAE04EC0-301F-11D3-BF4B-00C04F79EFBC}") = "R8.DateTimeLocalization.Tests", "R8.DateTimeLocalization.Tests\R8.DateTimeLocalization.Tests.csproj", "{323250D3-4472-4CA5-BB30-5DF357CAEE92}"
EndProject
Global
	GlobalSection(SolutionConfigurationPlatforms) = preSolution
		Debug|Any CPU = Debug|Any CPU
		Release|Any CPU = Release|Any CPU
	EndGlobalSection
	GlobalSection(ProjectConfigurationPlatforms) = postSolution
		{01AB68AF-C169-4619-BBAB-2108F9A7998F}.Debug|Any CPU.ActiveCfg = Debug|Any CPU
		{01AB68AF-C169-4619-BBAB-2108F9A7998F}.Debug|Any CPU.Build.0 = Debug|Any CPU
		{01AB68AF-C169-4619-BBAB-2108F9A7998F}.Release|Any CPU.ActiveCfg = Release|Any CPU
		{01AB68AF-C169-4619-BBAB-2108F9A7998F}.Release|Any CPU.Build.0 = Release|Any CPU
		{323250D3-4472-4CA5-BB30-5DF357CAEE92}.Debug|Any CPU.ActiveCfg = Debug|Any CPU
		{323250D3-4472-4CA5-BB30-5DF357CAEE92}.Debug|Any CPU.Build.0 = Debug|Any CPU
		{323250D3-4472-4CA5-BB30-5DF357CAEE92}.Release|Any CPU.ActiveCfg = Release|Any CPU
		{323250D3-4472-4CA5-BB30-5DF357CAEE92}.Release|Any CPU.Build.0 = Release|Any CPU
	EndGlobalSection
EndGlobal
